
Microsoft Visual Studio Solution File, Format Version 12.00
# Visual Studio Version 18
VisualStudioVersion = 18.6.11828.311 oobstable
MinimumVisualStudioVersion = 10.0.40219.1
Project("{FAE04EC0-301F-11D3-BF4B-00C04F79EFBC}") = "AspNetCoreTodo", "AspNetCoreTodo.csproj", "{3082AF67-EA99-217B-69F9-F263A6899471}"
EndProject
Global
	GlobalSection(SolutionConfigurationPlatforms) = preSolution
		Debug|Any CPU = Debug|Any CPU
		Release|Any CPU = Release|Any CPU
	EndGlobalSection
	GlobalSection(ProjectConfigurationPlatforms) = postSolution
		{3082AF67-EA99-217B-69F9-F263A6899471}.Debug|Any CPU.ActiveCfg = Debug|Any CPU
		{3082AF67-EA99-217B-69F9-F263A6899471}.Debug|Any CPU.Build.0 = Debug|Any CPU
		{3082AF67-EA99-217B-69F9-F263A6899471}.Release|Any CPU.ActiveCfg = Release|Any CPU
		{3082AF67-EA99-217B-69F9-F263A6899471}.Release|Any CPU.Build.0 = Release|Any CPU
	EndGlobalSection
	GlobalSection(SolutionProperties) = preSolution
		HideSolutionNode = FALSE
	EndGlobalSection
	GlobalSection(ExtensibilityGlobals) = postSolution
		SolutionGuid = {1DED4442-6AD3-4229-9F38-CF9D789A5BAB}
	EndGlobalSection
EndGlobal
